// !$*UTF8*$!
{
	archiveVersion = 1;
	classes = {
	};
	objectVersion = 48;
	objects = {

/* Begin PBXBuildFile section */
		C28BC29A21EBB3A500F5001D /* AppDelegate.swift in Sources */ = {isa = PBXBuildFile; fileRef = C28BC29921EBB3A500F5001D /* AppDelegate.swift */; };
		C28BC29C21EBB3A500F5001D /* ViewController.swift in Sources */ = {isa = PBXBuildFile; fileRef = C28BC29B21EBB3A500F5001D /* ViewController.swift */; };
		C28BC29F21EBB3A500F5001D /* Main.storyboard in Resources */ = {isa = PBXBuildFile; fileRef = C28BC29D21EBB3A500F5001D /* Main.storyboard */; };
		C28BC2A121EBB3A500F5001D /* Assets.xcassets in Resources */ = {isa = PBXBuildFile; fileRef = C28BC2A021EBB3A500F5001D /* Assets.xcassets */; };
		C28BC2A421EBB3A500F5001D /* LaunchScreen.storyboard in Resources */ = {isa = PBXBuildFile; fileRef = C28BC2A221EBB3A500F5001D /* LaunchScreen.storyboard */; };
		C28BC2AC21EBBDDB00F5001D /* EmojiDetailViewController.swift in Sources */ = {isa = PBXBuildFile; fileRef = C28BC2AB21EBBDDB00F5001D /* EmojiDetailViewController.swift */; };
/* End PBXBuildFile section */

/* Begin PBXFileReference section */
		C28BC29621EBB3A500F5001D /* EmojiList.app */ = {isa = PBXFileReference; explicitFileType = wrapper.application; includeInIndex = 0; path = EmojiList.app; sourceTree = BUILT_PRODUCTS_DIR; };
		C28BC29921EBB3A500F5001D /* AppDelegate.swift */ = {isa = PBXFileReference; lastKnownFileType = sourcecode.swift; path = AppDelegate.swift; sourceTree = "<group>"; };
		C28BC29B21EBB3A500F5001D /* ViewController.swift */ = {isa = PBXFileReference; lastKnownFileType = sourcecode.swift; path = ViewController.swift; sourceTree = "<group>"; };
		C28BC29E21EBB3A500F5001D /* Base */ = {isa = PBXFileReference; lastKnownFileType = file.storyboard; name = Base; path = Base.lproj/Main.storyboard; sourceTree = "<group>"; };
		C28BC2A021EBB3A500F5001D /* Assets.xcassets */ = {isa = PBXFileReference; lastKnownFileType = folder.assetcatalog; path = Assets.xcassets; sourceTree = "<group>"; };
		C28BC2A321EBB3A500F5001D /* Base */ = {isa = PBXFileReference; lastKnownFileType = file.storyboard; name = Base; path = Base.lproj/LaunchScreen.storyboard; sourceTree = "<group>"; };
		C28BC2A521EBB3A500F5001D /* Info.plist */ = {isa = PBXFileReference; lastKnownFileType = text.plist.xml; path = Info.plist; sourceTree = "<group>"; };
		C28BC2AB21EBBDDB00F5001D /* EmojiDetailViewController.swift */ = {isa = PBXFileReference; lastKnownFileType = sourcecode.swift; path = EmojiDetailViewController.swift; sourceTree = "<group>"; };
/* End PBXFileReference section */

/* Begin PBXFrameworksBuildPhase section */
		C28BC29321EBB3A500F5001D /* Frameworks */ = {
			isa = PBXFrameworksBuildPhase;
			buildActionMask = 2147483647;
			files = (
			);
			runOnlyForDeploymentPostprocessing = 0;
		};
/* End PBXFrameworksBuildPhase section */

/* Begin PBXGroup section */
		C28BC28D21EBB3A500F5001D = {
			isa = PBXGroup;
			children = (
				C28BC29821EBB3A500F5001D /* EmojiList */,
				C28BC29721EBB3A500F5001D /* Products */,
			);
			sourceTree = "<group>";
		};
		C28BC29721EBB3A500F5001D /* Products */ = {
			isa = PBXGroup;
			children = (
				C28BC29621EBB3A500F5001D /* EmojiList.app */,
			);
			name = Products;
			sourceTree = "<group>";
		};
		C28BC29821EBB3A500F5001D /* EmojiList */ = {
			isa = PBXGroup;
			children = (
				C28BC29921EBB3A500F5001D /* AppDelegate.swift */,
				C28BC29B21EBB3A500F5001D /* ViewController.swift */,
				C28BC2AB21EBBDDB00F5001D /* EmojiDetailViewController.swift */,
				C28BC29D21EBB3A500F5001D /* Main.storyboard */,
				C28BC2A021EBB3A500F5001D /* Assets.xcassets */,
				C28BC2A221EBB3A500F5001D /* LaunchScreen.storyboard */,
				C28BC2A521EBB3A500F5001D /* Info.plist */,
			);
			path = EmojiList;
			sourceTree = "<group>";
		};
/* End PBXGroup section */

/* Begin PBXNativeTarget section */
		C28BC29521EBB3A500F5001D /* EmojiList */ = {
			isa = PBXNativeTarget;
			buildConfigurationList = C28BC2A821EBB3A500F5001D /* Build configuration list for PBXNativeTarget "EmojiList" */;
			buildPhases = (
				C28BC29221EBB3A500F5001D /* Sources */,
				C28BC29321EBB3A500F5001D /* Frameworks */,
				C28BC29421EBB3A500F5001D /* Resources */,
			);
			buildRules = (
			);
			dependencies = (
			);
			name = EmojiList;
			productName = EmojiList;
			productReference = C28BC29621EBB3A500F5001D /* EmojiList.app */;
			productType = "com.apple.product-type.application";
		};
/* End PBXNativeTarget section */

/* Begin PBXProject section */
		C28BC28E21EBB3A500F5001D /* Project object */ = {
			isa = PBXProject;
			attributes = {
				LastSwiftUpdateCheck = 0920;
				LastUpgradeCheck = 0920;
				ORGANIZATIONNAME = Doubledrop;
				TargetAttributes = {
					C28BC29521EBB3A500F5001D = {
						CreatedOnToolsVersion = 9.2;
						ProvisioningStyle = Automatic;
					};
				};
			};
			buildConfigurationList = C28BC29121EBB3A500F5001D /* Build configuration list for PBXProject "EmojiList" */;
			compatibilityVersion = "Xcode 8.0";
			developmentRegion = en;
			hasScannedForEncodings = 0;
			knownRegions = (
				en,
				Base,
			);
			mainGroup = C28BC28D21EBB3A500F5001D;
			productRefGroup = C28BC29721EBB3A500F5001D /* Products */;
			projectDirPath = "";
			projectRoot = "";
			targets = (
				C28BC29521EBB3A500F5001D /* EmojiList */,
			);
		};
/* End PBXProject section */

/* Begin PBXResourcesBuildPhase section */
		C28BC29421EBB3A500F5001D /* Resources */ = {
			isa = PBXResourcesBuildPhase;
			buildActionMask = 2147483647;
			files = (
				C28BC2A421EBB3A500F5001D /* LaunchScreen.storyboard in Resources */,
				C28BC2A121EBB3A500F5001D /* Assets.xcassets in Resources */,
				C28BC29F21EBB3A500F5001D /* Main.storyboard in Resources */,
			);
			runOnlyForDeploymentPostprocessing = 0;
		};
/* End PBXResourcesBuildPhase section */

/* Begin PBXSourcesBuildPhase section */
		C28BC29221EBB3A500F5001D /* Sources */ = {
			isa = PBXSourcesBuildPhase;
			buildActionMask = 2147483647;
			files = (
				C28BC29C21EBB3A500F5001D /* ViewController.swift in Sources */,
				C28BC2AC21EBBDDB00F5001D /* EmojiDetailViewController.swift in Sources */,
				C28BC29A21EBB3A500F5001D /* AppDelegate.swift in Sources */,
			);
			runOnlyForDeploymentPostprocessing = 0;
		};
/* End PBXSourcesBuildPhase section */

/* Begin PBXVariantGroup section */
		C28BC29D21EBB3A500F5001D /* Main.storyboard */ = {
			isa = PBXVariantGroup;
			children = (
				C28BC29E21EBB3A500F5001D /* Base */,
			);
			name = Main.storyboard;
			sourceTree = "<group>";
		};
		C28BC2A221EBB3A500F5001D /* LaunchScreen.storyboard */ = {
			isa = PBXVariantGroup;
			children = (
				C28BC2A321EBB3A500F5001D /* Base */,
			);
			name = LaunchScreen.storyboard;
			sourceTree = "<group>";
		};
/* End PBXVariantGroup section */

/* Begin XCBuildConfiguration section */
		C28BC2A621EBB3A500F5001D /* Debug */ = {
			isa = XCBuildConfiguration;
			buildSettings = {
				ALWAYS_SEARCH_USER_PATHS = NO;
				CLANG_ANALYZER_NONNULL = YES;
				CLANG_ANALYZER_NUMBER_OBJECT_CONVERSION = YES_AGGRESSIVE;
				CLANG_CXX_LANGUAGE_STANDARD = "gnu++14";
				CLANG_CXX_LIBRARY = "libc++";
				CLANG_ENABLE_MODULES = YES;
				CLANG_ENABLE_OBJC_ARC = YES;
				CLANG_WARN_BLOCK_CAPTURE_AUTORELEASING = YES;
				CLANG_WARN_BOOL_CONVERSION = YES;
				CLANG_WARN_COMMA = YES;
				CLANG_WARN_CONSTANT_CONVERSION = YES;
				CLANG_WARN_DIRECT_OBJC_ISA_USAGE = YES_ERROR;
				CLANG_WARN_DOCUMENTATION_COMMENTS = YES;
				CLANG_WARN_EMPTY_BODY = YES;
				CLANG_WARN_ENUM_CONVERSION = YES;
				CLANG_WARN_INFINITE_RECURSION = YES;
				CLANG_WARN_INT_CONVERSION = YES;
				CLANG_WARN_NON_LITERAL_NULL_CONVERSION = YES;
				CLANG_WARN_OBJC_LITERAL_CONVERSION = YES;
				CLANG_WARN_OBJC_ROOT_CLASS = YES_ERROR;
				CLANG_WARN_RANGE_LOOP_ANALYSIS = YES;
				CLANG_WARN_STRICT_PROTOTYPES = YES;
				CLANG_WARN_SUSPICIOUS_MOVE = YES;
				CLANG_WARN_UNGUARDED_AVAILABILITY = YES_AGGRESSIVE;
				CLANG_WARN_UNREACHABLE_CODE = YES;
				CLANG_WARN__DUPLICATE_METHOD_MATCH = YES;
				CODE_SIGN_IDENTITY = "iPhone Developer";
				COPY_PHASE_STRIP = NO;
				DEBUG_INFORMATION_FORMAT = dwarf;
				ENABLE_STRICT_OBJC_MSGSEND = YES;
				ENABLE_TESTABILITY = YES;
				GCC_C_LANGUAGE_STANDARD = gnu11;
				GCC_DYNAMIC_NO_PIC = NO;
				GCC_NO_COMMON_BLOCKS = YES;
				GCC_OPTIMIZATION_LEVEL = 0;
				GCC_PREPROCESSOR_DEFINITIONS = (
					"DEBUG=1",
					"$(inherited)",
				);
				GCC_WARN_64_TO_32_BIT_CONVERSION = YES;
				GCC_WARN_ABOUT_RETURN_TYPE = YES_ERROR;
				GCC_WARN_UNDECLARED_SELECTOR = YES;
				GCC_WARN_UNINITIALIZED_AUTOS = YES_AGGRESSIVE;
				GCC_WARN_UNUSED_FUNCTION = YES;
				GCC_WARN_UNUSED_VARIABLE = YES;
				IPHONEOS_DEPLOYMENT_TARGET = 11.2;
				MTL_ENABLE_DEBUG_INFO = YES;
				ONLY_ACTIVE_ARCH = YES;
				SDKROOT = iphoneos;
				SWIFT_ACTIVE_COMPILATION_CONDITIONS = DEBUG;
				SWIFT_OPTIMIZATION_LEVEL = "-Onone";
			};
			name = Debug;
		};
		C28BC2A721EBB3A500F5001D /* Release */ = {
			isa = XCBuildConfiguration;
			buildSettings = {
				ALWAYS_SEARCH_USER_PATHS = NO;
				CLANG_ANALYZER_NONNULL = YES;
				CLANG_ANALYZER_NUMBER_OBJECT_CONVERSION = YES_AGGRESSIVE;
				CLANG_CXX_LANGUAGE_STANDARD = "gnu++14";
				CLANG_CXX_LIBRARY = "libc++";
				CLANG_ENABLE_MODULES = YES;
				CLANG_ENABLE_OBJC_ARC = YES;
				CLANG_WARN_BLOCK_CAPTURE_AUTORELEASING = YES;
				CLANG_WARN_BOOL_CONVERSION = YES;
				CLANG_WARN_COMMA = YES;
				CLANG_WARN_CONSTANT_CONVERSION = YES;
				CLANG_WARN_DIRECT_OBJC_ISA_USAGE = YES_ERROR;
				CLANG_WARN_DOCUMENTATION_COMMENTS = YES;
				CLANG_WARN_EMPTY_BODY = YES;
				CLANG_WARN_ENUM_CONVERSION = YES;
				CLANG_WARN_INFINITE_RECURSION = YES;
				CLANG_WARN_INT_CONVERSION = YES;
				CLANG_WARN_NON_LITERAL_NULL_CONVERSION = YES;
				CLANG_WARN_OBJC_LITERAL_CONVERSION = YES;
				CLANG_WARN_OBJC_ROOT_CLASS = YES_ERROR;
				CLANG_WARN_RANGE_LOOP_ANALYSIS = YES;
				CLANG_WARN_STRICT_PROTOTYPES = YES;
				CLANG_WARN_SUSPICIOUS_MOVE = YES;
				CLANG_WARN_UNGUARDED_AVAILABILITY = YES_AGGRESSIVE;
				CLANG_WARN_UNREACHABLE_CODE = YES;
				CLANG_WARN__DUPLICATE_METHOD_MATCH = YES;
				CODE_SIGN_IDENTITY = "iPhone Developer";
				COPY_PHASE_STRIP = NO;
				DEBUG_INFORMATION_FORMAT = "dwarf-with-dsym";
				ENABLE_NS_ASSERTIONS = NO;
				ENABLE_STRICT_OBJC_MSGSEND = YES;
				GCC_C_LANGUAGE_STANDARD = gnu11;
				GCC_NO_COMMON_BLOCKS = YES;
				GCC_WARN_64_TO_32_BIT_CONVERSION = YES;
				GCC_WARN_ABOUT_RETURN_TYPE = YES_ERROR;
				GCC_WARN_UNDECLARED_SELECTOR = YES;
				GCC_WARN_UNINITIALIZED_AUTOS = YES_AGGRESSIVE;
				GCC_WARN_UNUSED_FUNCTION = YES;
				GCC_WARN_UNUSED_VARIABLE = YES;
				IPHONEOS_DEPLOYMENT_TARGET = 11.2;
				MTL_ENABLE_DEBUG_INFO = NO;
				SDKROOT = iphoneos;
				SWIFT_OPTIMIZATION_LEVEL = "-Owholemodule";
				VALIDATE_PRODUCT = YES;
			};
			name = Release;
		};
		C28BC2A921EBB3A500F5001D /* Debug */ = {
			isa = XCBuildConfiguration;
			buildSettings = {
				ASSETCATALOG_COMPILER_APPICON_NAME = AppIcon;
				CODE_SIGN_STYLE = Automatic;
				DEVELOPMENT_TEAM = 582FZ5YUBY;
				INFOPLIST_FILE = EmojiList/Info.plist;
				LD_RUNPATH_SEARCH_PATHS = "$(inherited) @executable_path/Frameworks";
				PRODUCT_BUNDLE_IDENTIFIER = com.doubledrop.EmojiList;
				PRODUCT_NAME = "$(TARGET_NAME)";
				SWIFT_VERSION = 4.0;
				TARGETED_DEVICE_FAMILY = "1,2";
			};
			name = Debug;
		};
		C28BC2AA21EBB3A500F5001D /* Release */ = {
			isa = XCBuildConfiguration;
			buildSettings = {
				ASSETCATALOG_COMPILER_APPICON_NAME = AppIcon;
				CODE_SIGN_STYLE = Automatic;
				DEVELOPMENT_TEAM = 582FZ5YUBY;
				INFOPLIST_FILE = EmojiList/Info.plist;
				LD_RUNPATH_SEARCH_PATHS = "$(inherited) @executable_path/Frameworks";
				PRODUCT_BUNDLE_IDENTIFIER = com.doubledrop.EmojiList;
				PRODUCT_NAME = "$(TARGET_NAME)";
				SWIFT_VERSION = 4.0;
				TARGETED_DEVICE_FAMILY = "1,2";
			};
			name = Release;
		};
/* End XCBuildConfiguration section */

/* Begin XCConfigurationList section */
		C28BC29121EBB3A500F5001D /* Build configuration list for PBXProject "EmojiList" */ = {
			isa = XCConfigurationList;
			buildConfigurations = (
				C28BC2A621EBB3A500F5001D /* Debug */,
				C28BC2A721EBB3A500F5001D /* Release */,
			);
			defaultConfigurationIsVisible = 0;
			defaultConfigurationName = Release;
		};
		C28BC2A821EBB3A500F5001D /* Build configuration list for PBXNativeTarget "EmojiList" */ = {
			isa = XCConfigurationList;
			buildConfigurations = (
				C28BC2A921EBB3A500F5001D /* Debug */,
				C28BC2AA21EBB3A500F5001D /* Release */,
			);
			defaultConfigurationIsVisible = 0;
			defaultConfigurationName = Release;
		};
/* End XCConfigurationList section */
	};
	rootObject = C28BC28E21EBB3A500F5001D /* Project object */;
}
